// !$*UTF8*$!
{
	archiveVersion = 1;
	classes = {
	};
	objectVersion = 55;
	objects = {

/* Begin PBXBuildFile section */
		2F43C6AD28B2F14400EBCD3B /* NetworkProjectAppApp.swift in Sources */ = {isa = PBXBuildFile; fileRef = 2F43C6AC28B2F14400EBCD3B /* NetworkProjectAppApp.swift */; };
		2F43C6AF28B2F14400EBCD3B /* HomeView.swift in Sources */ = {isa = PBXBuildFile; fileRef = 2F43C6AE28B2F14400EBCD3B /* HomeView.swift */; };
		2F43C6B128B2F14700EBCD3B /* Assets.xcassets in Resources */ = {isa = PBXBuildFile; fileRef = 2F43C6B028B2F14700EBCD3B /* Assets.xcassets */; };
		2F43C6B428B2F14700EBCD3B /* Preview Assets.xcassets in Resources */ = {isa = PBXBuildFile; fileRef = 2F43C6B328B2F14700EBCD3B /* Preview Assets.xcassets */; };
		2F43C6BB28B2F1A300EBCD3B /* ProfileView.swift in Sources */ = {isa = PBXBuildFile; fileRef = 2F43C6BA28B2F1A300EBCD3B /* ProfileView.swift */; };
		2F43C6BD28B2F8E300EBCD3B /* CertificatesView.swift in Sources */ = {isa = PBXBuildFile; fileRef = 2F43C6BC28B2F8E300EBCD3B /* CertificatesView.swift */; };
		2F43C6BF28B2F92800EBCD3B /* Certificates.swift in Sources */ = {isa = PBXBuildFile; fileRef = 2F43C6BE28B2F92800EBCD3B /* Certificates.swift */; };
		2F43C6C128B2FA0B00EBCD3B /* PreviewData.swift in Sources */ = {isa = PBXBuildFile; fileRef = 2F43C6C028B2FA0B00EBCD3B /* PreviewData.swift */; };
		2F43C6C328B2FDDC00EBCD3B /* Daye+Extension.swift in Sources */ = {isa = PBXBuildFile; fileRef = 2F43C6C228B2FDDC00EBCD3B /* Daye+Extension.swift */; };
		2F7D59B728B3899800876141 /* DetailCertificateview.swift in Sources */ = {isa = PBXBuildFile; fileRef = 2F7D59B628B3899800876141 /* DetailCertificateview.swift */; };
/* End PBXBuildFile section */

/* Begin PBXFileReference section */
		2F43C6A928B2F14400EBCD3B /* NetworkProjectApp.app */ = {isa = PBXFileReference; explicitFileType = wrapper.application; includeInIndex = 0; path = NetworkProjectApp.app; sourceTree = BUILT_PRODUCTS_DIR; };
		2F43C6AC28B2F14400EBCD3B /* NetworkProjectAppApp.swift */ = {isa = PBXFileReference; lastKnownFileType = sourcecode.swift; path = NetworkProjectAppApp.swift; sourceTree = "<group>"; };
		2F43C6AE28B2F14400EBCD3B /* HomeView.swift */ = {isa = PBXFileReference; lastKnownFileType = sourcecode.swift; path = HomeView.swift; sourceTree = "<group>"; };
		2F43C6B028B2F14700EBCD3B /* Assets.xcassets */ = {isa = PBXFileReference; lastKnownFileType = folder.assetcatalog; path = Assets.xcassets; sourceTree = "<group>"; };
		2F43C6B328B2F14700EBCD3B /* Preview Assets.xcassets */ = {isa = PBXFileReference; lastKnownFileType = folder.assetcatalog; path = "Preview Assets.xcassets"; sourceTree = "<group>"; };
		2F43C6BA28B2F1A300EBCD3B /* ProfileView.swift */ = {isa = PBXFileReference; lastKnownFileType = sourcecode.swift; path = ProfileView.swift; sourceTree = "<group>"; };
		2F43C6BC28B2F8E300EBCD3B /* CertificatesView.swift */ = {isa = PBXFileReference; lastKnownFileType = sourcecode.swift; path = CertificatesView.swift; sourceTree = "<group>"; };
		2F43C6BE28B2F92800EBCD3B /* Certificates.swift */ = {isa = PBXFileReference; lastKnownFileType = sourcecode.swift; path = Certificates.swift; sourceTree = "<group>"; };
		2F43C6C028B2FA0B00EBCD3B /* PreviewData.swift */ = {isa = PBXFileReference; lastKnownFileType = sourcecode.swift; path = PreviewData.swift; sourceTree = "<group>"; };
		2F43C6C228B2FDDC00EBCD3B /* Daye+Extension.swift */ = {isa = PBXFileReference; lastKnownFileType = sourcecode.swift; path = "Daye+Extension.swift"; sourceTree = "<group>"; };
		2F7D59B628B3899800876141 /* DetailCertificateview.swift */ = {isa = PBXFileReference; lastKnownFileType = sourcecode.swift; path = DetailCertificateview.swift; sourceTree = "<group>"; };
/* End PBXFileReference section */

/* Begin PBXFrameworksBuildPhase section */
		2F43C6A628B2F14400EBCD3B /* Frameworks */ = {
			isa = PBXFrameworksBuildPhase;
			buildActionMask = 2147483647;
			files = (
			);
			runOnlyForDeploymentPostprocessing = 0;
		};
/* End PBXFrameworksBuildPhase section */

/* Begin PBXGroup section */
		2F43C6A028B2F14400EBCD3B = {
			isa = PBXGroup;
			children = (
				2F43C6AB28B2F14400EBCD3B /* NetworkProjectApp */,
				2F43C6AA28B2F14400EBCD3B /* Products */,
			);
			sourceTree = "<group>";
		};
		2F43C6AA28B2F14400EBCD3B /* Products */ = {
			isa = PBXGroup;
			children = (
				2F43C6A928B2F14400EBCD3B /* NetworkProjectApp.app */,
			);
			name = Products;
			sourceTree = "<group>";
		};
		2F43C6AB28B2F14400EBCD3B /* NetworkProjectApp */ = {
			isa = PBXGroup;
			children = (
				2F43C6AC28B2F14400EBCD3B /* NetworkProjectAppApp.swift */,
				2F7D59B628B3899800876141 /* DetailCertificateview.swift */,
				2F43C6AE28B2F14400EBCD3B /* HomeView.swift */,
				2F43C6BA28B2F1A300EBCD3B /* ProfileView.swift */,
				2F43C6BC28B2F8E300EBCD3B /* CertificatesView.swift */,
				2F43C6B028B2F14700EBCD3B /* Assets.xcassets */,
				2F43C6B228B2F14700EBCD3B /* Preview Content */,
				2F43C6BE28B2F92800EBCD3B /* Certificates.swift */,
				2F43C6C028B2FA0B00EBCD3B /* PreviewData.swift */,
				2F43C6C228B2FDDC00EBCD3B /* Daye+Extension.swift */,
			);
			path = NetworkProjectApp;
			sourceTree = "<group>";
		};
		2F43C6B228B2F14700EBCD3B /* Preview Content */ = {
			isa = PBXGroup;
			children = (
				2F43C6B328B2F14700EBCD3B /* Preview Assets.xcassets */,
			);
			path = "Preview Content";
			sourceTree = "<group>";
		};
/* End PBXGroup section */

/* Begin PBXNativeTarget section */
		2F43C6A828B2F14400EBCD3B /* NetworkProjectApp */ = {
			isa = PBXNativeTarget;
			buildConfigurationList = 2F43C6B728B2F14700EBCD3B /* Build configuration list for PBXNativeTarget "NetworkProjectApp" */;
			buildPhases = (
				2F43C6A528B2F14400EBCD3B /* Sources */,
				2F43C6A628B2F14400EBCD3B /* Frameworks */,
				2F43C6A728B2F14400EBCD3B /* Resources */,
			);
			buildRules = (
			);
			dependencies = (
			);
			name = NetworkProjectApp;
			productName = NetworkProjectApp;
			productReference = 2F43C6A928B2F14400EBCD3B /* NetworkProjectApp.app */;
			productType = "com.apple.product-type.application";
		};
/* End PBXNativeTarget section */

/* Begin PBXProject section */
		2F43C6A128B2F14400EBCD3B /* Project object */ = {
			isa = PBXProject;
			attributes = {
				BuildIndependentTargetsInParallel = 1;
				LastSwiftUpdateCheck = 1340;
				LastUpgradeCheck = 1340;
				TargetAttributes = {
					2F43C6A828B2F14400EBCD3B = {
						CreatedOnToolsVersion = 13.4.1;
					};
				};
			};
			buildConfigurationList = 2F43C6A428B2F14400EBCD3B /* Build configuration list for PBXProject "NetworkProjectApp" */;
			compatibilityVersion = "Xcode 13.0";
			developmentRegion = en;
			hasScannedForEncodings = 0;
			knownRegions = (
				en,
				Base,
			);
			mainGroup = 2F43C6A028B2F14400EBCD3B;
			productRefGroup = 2F43C6AA28B2F14400EBCD3B /* Products */;
			projectDirPath = "";
			projectRoot = "";
			targets = (
				2F43C6A828B2F14400EBCD3B /* NetworkProjectApp */,
			);
		};
/* End PBXProject section */

/* Begin PBXResourcesBuildPhase section */
		2F43C6A728B2F14400EBCD3B /* Resources */ = {
			isa = PBXResourcesBuildPhase;
			buildActionMask = 2147483647;
			files = (
				2F43C6B428B2F14700EBCD3B /* Preview Assets.xcassets in Resources */,
				2F43C6B128B2F14700EBCD3B /* Assets.xcassets in Resources */,
			);
			runOnlyForDeploymentPostprocessing = 0;
		};
/* End PBXResourcesBuildPhase section */

/* Begin PBXSourcesBuildPhase section */
		2F43C6A528B2F14400EBCD3B /* Sources */ = {
			isa = PBXSourcesBuildPhase;
			buildActionMask = 2147483647;
			files = (
				2F43C6AF28B2F14400EBCD3B /* HomeView.swift in Sources */,
				2F43C6BF28B2F92800EBCD3B /* Certificates.swift in Sources */,
				2F43C6C128B2FA0B00EBCD3B /* PreviewData.swift in Sources */,
				2F43C6BB28B2F1A300EBCD3B /* ProfileView.swift in Sources */,
				2F43C6C328B2FDDC00EBCD3B /* Daye+Extension.swift in Sources */,
				2F43C6BD28B2F8E300EBCD3B /* CertificatesView.swift in Sources */,
				2F43C6AD28B2F14400EBCD3B /* NetworkProjectAppApp.swift in Sources */,
				2F7D59B728B3899800876141 /* DetailCertificateview.swift in Sources */,
			);
			runOnlyForDeploymentPostprocessing = 0;
		};
/* End PBXSourcesBuildPhase section */

/* Begin XCBuildConfiguration section */
		2F43C6B528B2F14700EBCD3B /* Debug */ = {
			isa = XCBuildConfiguration;
			buildSettings = {
				ALWAYS_SEARCH_USER_PATHS = NO;
				CLANG_ANALYZER_NONNULL = YES;
				CLANG_ANALYZER_NUMBER_OBJECT_CONVERSION = YES_AGGRESSIVE;
				CLANG_CXX_LANGUAGE_STANDARD = "gnu++17";
				CLANG_ENABLE_MODULES = YES;
				CLANG_ENABLE_OBJC_ARC = YES;
				CLANG_ENABLE_OBJC_WEAK = YES;
				CLANG_WARN_BLOCK_CAPTURE_AUTORELEASING = YES;
				CLANG_WARN_BOOL_CONVERSION = YES;
				CLANG_WARN_COMMA = YES;
				CLANG_WARN_CONSTANT_CONVERSION = YES;
				CLANG_WARN_DEPRECATED_OBJC_IMPLEMENTATIONS = YES;
				CLANG_WARN_DIRECT_OBJC_ISA_USAGE = YES_ERROR;
				CLANG_WARN_DOCUMENTATION_COMMENTS = YES;
				CLANG_WARN_EMPTY_BODY = YES;
				CLANG_WARN_ENUM_CONVERSION = YES;
				CLANG_WARN_INFINITE_RECURSION = YES;
				CLANG_WARN_INT_CONVERSION = YES;
				CLANG_WARN_NON_LITERAL_NULL_CONVERSION = YES;
				CLANG_WARN_OBJC_IMPLICIT_RETAIN_SELF = YES;
				CLANG_WARN_OBJC_LITERAL_CONVERSION = YES;
				CLANG_WARN_OBJC_ROOT_CLASS = YES_ERROR;
				CLANG_WARN_QUOTED_INCLUDE_IN_FRAMEWORK_HEADER = YES;
				CLANG_WARN_RANGE_LOOP_ANALYSIS = YES;
				CLANG_WARN_STRICT_PROTOTYPES = YES;
				CLANG_WARN_SUSPICIOUS_MOVE = YES;
				CLANG_WARN_UNGUARDED_AVAILABILITY = YES_AGGRESSIVE;
				CLANG_WARN_UNREACHABLE_CODE = YES;
				CLANG_WARN__DUPLICATE_METHOD_MATCH = YES;
				COPY_PHASE_STRIP = NO;
				DEBUG_INFORMATION_FORMAT = dwarf;
				ENABLE_STRICT_OBJC_MSGSEND = YES;
				ENABLE_TESTABILITY = YES;
				GCC_C_LANGUAGE_STANDARD = gnu11;
				GCC_DYNAMIC_NO_PIC = NO;
				GCC_NO_COMMON_BLOCKS = YES;
				GCC_OPTIMIZATION_LEVEL = 0;
				GCC_PREPROCESSOR_DEFINITIONS = (
					"DEBUG=1",
					"$(inherited)",
				);
				GCC_WARN_64_TO_32_BIT_CONVERSION = YES;
				GCC_WARN_ABOUT_RETURN_TYPE = YES_ERROR;
				GCC_WARN_UNDECLARED_SELECTOR = YES;
				GCC_WARN_UNINITIALIZED_AUTOS = YES_AGGRESSIVE;
				GCC_WARN_UNUSED_FUNCTION = YES;
				GCC_WARN_UNUSED_VARIABLE = YES;
				IPHONEOS_DEPLOYMENT_TARGET = 15.5;
				MTL_ENABLE_DEBUG_INFO = INCLUDE_SOURCE;
				MTL_FAST_MATH = YES;
				ONLY_ACTIVE_ARCH = YES;
				SDKROOT = iphoneos;
				SWIFT_ACTIVE_COMPILATION_CONDITIONS = DEBUG;
				SWIFT_OPTIMIZATION_LEVEL = "-Onone";
			};
			name = Debug;
		};
		2F43C6B628B2F14700EBCD3B /* Release */ = {
			isa = XCBuildConfiguration;
			buildSettings = {
				ALWAYS_SEARCH_USER_PATHS = NO;
				CLANG_ANALYZER_NONNULL = YES;
				CLANG_ANALYZER_NUMBER_OBJECT_CONVERSION = YES_AGGRESSIVE;
				CLANG_CXX_LANGUAGE_STANDARD = "gnu++17";
				CLANG_ENABLE_MODULES = YES;
				CLANG_ENABLE_OBJC_ARC = YES;
				CLANG_ENABLE_OBJC_WEAK = YES;
				CLANG_WARN_BLOCK_CAPTURE_AUTORELEASING = YES;
				CLANG_WARN_BOOL_CONVERSION = YES;
				CLANG_WARN_COMMA = YES;
				CLANG_WARN_CONSTANT_CONVERSION = YES;
				CLANG_WARN_DEPRECATED_OBJC_IMPLEMENTATIONS = YES;
				CLANG_WARN_DIRECT_OBJC_ISA_USAGE = YES_ERROR;
				CLANG_WARN_DOCUMENTATION_COMMENTS = YES;
				CLANG_WARN_EMPTY_BODY = YES;
				CLANG_WARN_ENUM_CONVERSION = YES;
				CLANG_WARN_INFINITE_RECURSION = YES;
				CLANG_WARN_INT_CONVERSION = YES;
				CLANG_WARN_NON_LITERAL_NULL_CONVERSION = YES;
				CLANG_WARN_OBJC_IMPLICIT_RETAIN_SELF = YES;
				CLANG_WARN_OBJC_LITERAL_CONVERSION = YES;
				CLANG_WARN_OBJC_ROOT_CLASS = YES_ERROR;
				CLANG_WARN_QUOTED_INCLUDE_IN_FRAMEWORK_HEADER = YES;
				CLANG_WARN_RANGE_LOOP_ANALYSIS = YES;
				CLANG_WARN_STRICT_PROTOTYPES = YES;
				CLANG_WARN_SUSPICIOUS_MOVE = YES;
				CLANG_WARN_UNGUARDED_AVAILABILITY = YES_AGGRESSIVE;
				CLANG_WARN_UNREACHABLE_CODE = YES;
				CLANG_WARN__DUPLICATE_METHOD_MATCH = YES;
				COPY_PHASE_STRIP = NO;
				DEBUG_INFORMATION_FORMAT = "dwarf-with-dsym";
				ENABLE_NS_ASSERTIONS = NO;
				ENABLE_STRICT_OBJC_MSGSEND = YES;
				GCC_C_LANGUAGE_STANDARD = gnu11;
				GCC_NO_COMMON_BLOCKS = YES;
				GCC_WARN_64_TO_32_BIT_CONVERSION = YES;
				GCC_WARN_ABOUT_RETURN_TYPE = YES_ERROR;
				GCC_WARN_UNDECLARED_SELECTOR = YES;
				GCC_WARN_UNINITIALIZED_AUTOS = YES_AGGRESSIVE;
				GCC_WARN_UNUSED_FUNCTION = YES;
				GCC_WARN_UNUSED_VARIABLE = YES;
				IPHONEOS_DEPLOYMENT_TARGET = 15.5;
				MTL_ENABLE_DEBUG_INFO = NO;
				MTL_FAST_MATH = YES;
				SDKROOT = iphoneos;
				SWIFT_COMPILATION_MODE = wholemodule;
				SWIFT_OPTIMIZATION_LEVEL = "-O";
				VALIDATE_PRODUCT = YES;
			};
			name = Release;
		};
		2F43C6B828B2F14700EBCD3B /* Debug */ = {
			isa = XCBuildConfiguration;
			buildSettings = {
				ASSETCATALOG_COMPILER_APPICON_NAME = AppIcon;
				ASSETCATALOG_COMPILER_GLOBAL_ACCENT_COLOR_NAME = AccentColor;
				CODE_SIGN_STYLE = Automatic;
				CURRENT_PROJECT_VERSION = 1;
				DEVELOPMENT_ASSET_PATHS = "\"NetworkProjectApp/Preview Content\"";
				DEVELOPMENT_TEAM = FM2ZRB2384;
				ENABLE_PREVIEWS = YES;
				GENERATE_INFOPLIST_FILE = YES;
				INFOPLIST_KEY_UIApplicationSceneManifest_Generation = YES;
				INFOPLIST_KEY_UIApplicationSupportsIndirectInputEvents = YES;
				INFOPLIST_KEY_UILaunchScreen_Generation = YES;
				INFOPLIST_KEY_UISupportedInterfaceOrientations_iPad = "UIInterfaceOrientationPortrait UIInterfaceOrientationPortraitUpsideDown UIInterfaceOrientationLandscapeLeft UIInterfaceOrientationLandscapeRight";
				INFOPLIST_KEY_UISupportedInterfaceOrientations_iPhone = "UIInterfaceOrientationPortrait UIInterfaceOrientationLandscapeLeft UIInterfaceOrientationLandscapeRight";
				LD_RUNPATH_SEARCH_PATHS = (
					"$(inherited)",
					"@executable_path/Frameworks",
				);
				MARKETING_VERSION = 1.0;
				PRODUCT_BUNDLE_IDENTIFIER = com.openclassrooms.NetworkProjectApp;
				PRODUCT_NAME = "$(TARGET_NAME)";
				SWIFT_EMIT_LOC_STRINGS = YES;
				SWIFT_VERSION = 5.0;
				TARGETED_DEVICE_FAMILY = 1;
			};
			name = Debug;
		};
		2F43C6B928B2F14700EBCD3B /* Release */ = {
			isa = XCBuildConfiguration;
			buildSettings = {
				ASSETCATALOG_COMPILER_APPICON_NAME = AppIcon;
				ASSETCATALOG_COMPILER_GLOBAL_ACCENT_COLOR_NAME = AccentColor;
				CODE_SIGN_STYLE = Automatic;
				CURRENT_PROJECT_VERSION = 1;
				DEVELOPMENT_ASSET_PATHS = "\"NetworkProjectApp/Preview Content\"";
				DEVELOPMENT_TEAM = FM2ZRB2384;
				ENABLE_PREVIEWS = YES;
				GENERATE_INFOPLIST_FILE = YES;
				INFOPLIST_KEY_UIApplicationSceneManifest_Generation = YES;
				INFOPLIST_KEY_UIApplicationSupportsIndirectInputEvents = YES;
				INFOPLIST_KEY_UILaunchScreen_Generation = YES;
				INFOPLIST_KEY_UISupportedInterfaceOrientations_iPad = "UIInterfaceOrientationPortrait UIInterfaceOrientationPortraitUpsideDown UIInterfaceOrientationLandscapeLeft UIInterfaceOrientationLandscapeRight";
				INFOPLIST_KEY_UISupportedInterfaceOrientations_iPhone = "UIInterfaceOrientationPortrait UIInterfaceOrientationLandscapeLeft UIInterfaceOrientationLandscapeRight";
				LD_RUNPATH_SEARCH_PATHS = (
					"$(inherited)",
					"@executable_path/Frameworks",
				);
				MARKETING_VERSION = 1.0;
				PRODUCT_BUNDLE_IDENTIFIER = com.openclassrooms.NetworkProjectApp;
				PRODUCT_NAME = "$(TARGET_NAME)";
				SWIFT_EMIT_LOC_STRINGS = YES;
				SWIFT_VERSION = 5.0;
				TARGETED_DEVICE_FAMILY = 1;
			};
			name = Release;
		};
/* End XCBuildConfiguration section */

/* Begin XCConfigurationList section */
		2F43C6A428B2F14400EBCD3B /* Build configuration list for PBXProject "NetworkProjectApp" */ = {
			isa = XCConfigurationList;
			buildConfigurations = (
				2F43C6B528B2F14700EBCD3B /* Debug */,
				2F43C6B628B2F14700EBCD3B /* Release */,
			);
			defaultConfigurationIsVisible = 0;
			defaultConfigurationName = Release;
		};
		2F43C6B728B2F14700EBCD3B /* Build configuration list for PBXNativeTarget "NetworkProjectApp" */ = {
			isa = XCConfigurationList;
			buildConfigurations = (
				2F43C6B828B2F14700EBCD3B /* Debug */,
				2F43C6B928B2F14700EBCD3B /* Release */,
			);
			defaultConfigurationIsVisible = 0;
			defaultConfigurationName = Release;
		};
/* End XCConfigurationList section */
	};
	rootObject = 2F43C6A128B2F14400EBCD3B /* Project object */;
}
